<?xml version="1.0" encoding="utf-8"?>
<Project ToolsVersion="4.0" xmlns="http://schemas.microsoft.com/developer/msbuild/2003">
  <ItemGroup>
    <Filter Include="Source Files">
      <UniqueIdentifier>{4FC737F1-C7A5-4376-A066-2A32D752A2FF}</UniqueIdentifier>
      <Extensions>cpp;c;cc;cxx;c++;def;odl;idl;hpj;bat;asm;asmx</Extensions>
    </Filter>
    <Filter Include="Header Files">
      <UniqueIdentifier>{93995380-89BD-4b04-88EB-625FBE52EBFB}</UniqueIdentifier>
      <Extensions>h;hh;hpp;hxx;h++;hm;inl;inc;ipp;xsd</Extensions>
    </Filter>
    <Filter Include="Resource Files">
      <UniqueIdentifier>{67DA6AB6-F800-4c08-8B7A-83BB121AAD01}</UniqueIdentifier>
      <Extensions>rc;ico;cur;bmp;dlg;rc2;rct;bin;rgs;gif;jpg;jpeg;jpe;resx;tiff;tif;png;wav;mfcribbon-ms</Extensions>
    </Filter>
    <Filter Include="Header Files\Allocators">
      <UniqueIdentifier>{823adc1b-d81b-482a-a71e-40f6b9b7e40c}</UniqueIdentifier>
    </Filter>
    <Filter Include="Header Files\Objects">
      <UniqueIdentifier>{2db76fbe-329e-464c-ad3e-1c8a78bda49f}</UniqueIdentifier>
    </Filter>
    <Filter Include="Header Files\Render">
      <UniqueIdentifier>{3f9c64ff-82ce-4877-ac81-0fd69d64d7f3}</UniqueIdentifier>
    </Filter>
    <Filter Include="Header Files\Helpers">
      <UniqueIdentifier>{9b88fd54-0400-4970-8669-4ebbb2e66674}</UniqueIdentifier>
    </Filter>
    <Filter Include="Source Files\Allocators">
      <UniqueIdentifier>{cb88812d-e6cb-4e3e-8bf5-d2d77cf4f286}</UniqueIdentifier>
    </Filter>
    <Filter Include="Source Files\Helpers">
      <UniqueIdentifier>{9e293e75-4ffa-4951-9cee-86aa087af138}</UniqueIdentifier>
    </Filter>
    <Filter Include="Source Files\Render">
      <UniqueIdentifier>{77c167dd-38ad-4dd5-8de8-06afce5a0da3}</UniqueIdentifier>
    </Filter>
    <Filter Include="Source Files\Objects">
      <UniqueIdentifier>{49098e33-7e49-4b94-80fd-9a1e52ad5930}</UniqueIdentifier>
    </Filter>
  </ItemGroup>
  <ItemGroup>
    <ClInclude Include="GAllocator.h">
      <Filter>Header Files\Allocators</Filter>
    </ClInclude>
    <ClInclude Include="GDataUploader.h">
      <Filter>Header Files\Allocators</Filter>
    </ClInclude>
    <ClInclude Include="ComputePSO.h">
      <Filter>Header Files\Objects</Filter>
    </ClInclude>
    <ClInclude Include="GCommandList.h">
      <Filter>Header Files\Render</Filter>
    </ClInclude>
    <ClInclude Include="GCommandQueue.h">
      <Filter>Header Files\Render</Filter>
    </ClInclude>
    <ClInclude Include="GraphicPSO.h">
      <Filter>Header Files\Objects</Filter>
    </ClInclude>
    <ClInclude Include="GResource.h">
      <Filter>Header Files\Objects</Filter>
    </ClInclude>
    <ClInclude Include="GResourceStateTracker.h">
      <Filter>Header Files\Render</Filter>
    </ClInclude>
    <ClInclude Include="GRootSignature.h">
      <Filter>Header Files\Objects</Filter>
    </ClInclude>
    <ClInclude Include="GShader.h">
      <Filter>Header Files\Objects</Filter>
    </ClInclude>
    <ClInclude Include="GTexture.h">
      <Filter>Header Files\Objects</Filter>
    </ClInclude>
    <ClInclude Include="DirectXBuffers.h">
      <Filter>Header Files\Objects</Filter>
    </ClInclude>
    <ClInclude Include="GDevice.h">
      <Filter>Header Files\Objects</Filter>
    </ClInclude>
    <ClInclude Include="GDeviceFactory.h">
      <Filter>Header Files\Helpers</Filter>
    </ClInclude>
    <ClInclude Include="GFence.h">
      <Filter>Header Files\Render</Filter>
    </ClInclude>
    <ClInclude Include="D3DShaderLoad.h">
      <Filter>Header Files\Helpers</Filter>
    </ClInclude>
    <ClInclude Include="resource.h">
      <Filter>Header Files</Filter>
    </ClInclude>
    <ClInclude Include="GDescriptor.h">
      <Filter>Header Files\Allocators</Filter>
    </ClInclude>
    <ClInclude Include="GDescriptorHeap.h">
      <Filter>Header Files\Allocators</Filter>
    </ClInclude>
    <ClInclude Include="GMeshBuffer.h">
      <Filter>Header Files\Objects</Filter>
    </ClInclude>
    <ClInclude Include="GBuffer.h">
      <Filter>Header Files\Objects</Filter>
    </ClInclude>
    <ClInclude Include="GCrossAdapterResource.h">
      <Filter>Header Files\Objects</Filter>
    </ClInclude>
    <ClInclude Include="GRenderTarger.h">
      <Filter>Header Files</Filter>
    </ClInclude>
  </ItemGroup>
  <ItemGroup>
    <ClCompile Include="ComputePSO.cpp">
      <Filter>Source Files\Objects</Filter>
    </ClCompile>
    <ClCompile Include="GAllocator.cpp">
      <Filter>Source Files\Allocators</Filter>
    </ClCompile>
    <ClCompile Include="GCommandList.cpp">
      <Filter>Source Files\Render</Filter>
    </ClCompile>
    <ClCompile Include="GCommandQueue.cpp">
      <Filter>Source Files\Render</Filter>
    </ClCompile>
    <ClCompile Include="GDataUploader.cpp">
      <Filter>Source Files\Allocators</Filter>
    </ClCompile>
    <ClCompile Include="GraphicPSO.cpp">
      <Filter>Source Files\Objects</Filter>
    </ClCompile>
    <ClCompile Include="GResource.cpp">
      <Filter>Source Files\Objects</Filter>
    </ClCompile>
    <ClCompile Include="GResourceStateTracker.cpp">
      <Filter>Source Files\Render</Filter>
    </ClCompile>
    <ClCompile Include="GRootSignature.cpp">
      <Filter>Source Files\Objects</Filter>
    </ClCompile>
    <ClCompile Include="GShader.cpp">
      <Filter>Source Files\Objects</Filter>
    </ClCompile>
    <ClCompile Include="GTexture.cpp">
      <Filter>Source Files\Objects</Filter>
    </ClCompile>
    <ClCompile Include="DirectXBuffers.cpp">
      <Filter>Source Files\Objects</Filter>
    </ClCompile>
    <ClCompile Include="GDevice.cpp">
      <Filter>Source Files\Objects</Filter>
    </ClCompile>
    <ClCompile Include="GDeviceFactory.cpp">
      <Filter>Source Files\Helpers</Filter>
    </ClCompile>
    <ClCompile Include="GFence.cpp">
      <Filter>Source Files\Render</Filter>
    </ClCompile>
    <ClCompile Include="GDescriptor.cpp">
      <Filter>Source Files\Allocators</Filter>
    </ClCompile>
    <ClCompile Include="GDescriptorHeap.cpp">
      <Filter>Source Files\Allocators</Filter>
    </ClCompile>
    <ClCompile Include="GMeshBuffer.cpp">
      <Filter>Source Files\Objects</Filter>
    </ClCompile>
    <ClCompile Include="GBuffer.cpp">
      <Filter>Source Files\Objects</Filter>
    </ClCompile>
    <ClCompile Include="GCrossAdapterResource.cpp">
      <Filter>Source Files\Objects</Filter>
    </ClCompile>
    <ClCompile Include="GRenderTarger.cpp">
      <Filter>Source Files</Filter>
    </ClCompile>
  </ItemGroup>
  <ItemGroup>
    <ResourceCompile Include="Graphics.rc">
      <Filter>Resource Files</Filter>
    </ResourceCompile>
  </ItemGroup>
  <ItemGroup>
    <None Include="packages.config" />
  </ItemGroup>
</Project>