
Microsoft Visual Studio Solution File, Format Version 12.00
# Visual Studio Version 16
VisualStudioVersion = 16.0.30002.166
MinimumVisualStudioVersion = 10.0.40219.1
Project("{8BC9CEB8-8B4A-11D0-8D11-00A0C91BC942}") = "DXGraphics", "DXGraphics\DXGraphics.vcxproj", "{B68F46C2-46C5-4BA6-8BCF-B908B34D653D}"
EndProject
Project("{8BC9CEB8-8B4A-11D0-8D11-00A0C91BC942}") = "DXSingleGPU", "DXSingleGPU\DXSingleGPU.vcxproj", "{2AF6778B-2921-4079-B37E-4671349E8848}"
EndProject
Project("{8BC9CEB8-8B4A-11D0-8D11-00A0C91BC942}") = "DXAllocator", "DXAllocator\DXAllocator.vcxproj", "{ECB7FFAE-36AE-4FCA-80A7-9D95CDF1FB43}"
EndProject
Project("{8BC9CEB8-8B4A-11D0-8D11-00A0C91BC942}") = "DXCommon", "DXCommon\DXCommon.vcxproj", "{AF7045DC-B376-4CF0-955B-E52FCF1C1385}"
EndProject
Project("{8BC9CEB8-8B4A-11D0-8D11-00A0C91BC942}") = "DXMultiGPU", "DXMultiGPU\DXMultiGPU.vcxproj", "{BCF1AEBD-DF62-42C1-8E2D-6AF355859458}"
EndProject
Project("{8BC9CEB8-8B4A-11D0-8D11-00A0C91BC942}") = "DXSimpleMultiGPU", "DXSimpleMultiGPU\DXSimpleMultiGPU.vcxproj", "{BCF1AEBD-DF62-42C1-8E2D-6AF355859459}"
EndProject
Project("{2150E333-8FDC-42A3-9474-1A3956D46DE8}") = "Sample", "Sample", "{CD512C56-1CA9-4AE6-9D16-70734362B31E}"
EndProject
Project("{8BC9CEB8-8B4A-11D0-8D11-00A0C91BC942}") = "DXJobSystem", "DXJobSystem\DXJobSystem.vcxproj", "{77531926-BF7E-4B3B-B248-5299514C77BB}"
EndProject
Project("{8BC9CEB8-8B4A-11D0-8D11-00A0C91BC942}") = "DXJobSystemTest", "DXJobSystemTest\DXJobSystemTest.vcxproj", "{9C6FEF6E-8BA4-47C4-B420-3C4F8BD008C5}"
EndProject
Project("{8BC9CEB8-8B4A-11D0-8D11-00A0C91BC942}") = "DXUtils", "DXUtils\DXUtils.vcxproj", "{5540756E-9246-4B5B-8B62-0CEF11BD2BA6}"
EndProject
Global
	GlobalSection(SolutionConfigurationPlatforms) = preSolution
		Debug|x64 = Debug|x64
		Debug|x86 = Debug|x86
		Release|x64 = Release|x64
		Release|x86 = Release|x86
	EndGlobalSection
	GlobalSection(ProjectConfigurationPlatforms) = postSolution
		{B68F46C2-46C5-4BA6-8BCF-B908B34D653D}.Debug|x64.ActiveCfg = Debug|x64
		{B68F46C2-46C5-4BA6-8BCF-B908B34D653D}.Debug|x64.Build.0 = Debug|x64
		{B68F46C2-46C5-4BA6-8BCF-B908B34D653D}.Debug|x86.ActiveCfg = Debug|Win32
		{B68F46C2-46C5-4BA6-8BCF-B908B34D653D}.Debug|x86.Build.0 = Debug|Win32
		{B68F46C2-46C5-4BA6-8BCF-B908B34D653D}.Release|x64.ActiveCfg = Release|x64
		{B68F46C2-46C5-4BA6-8BCF-B908B34D653D}.Release|x64.Build.0 = Release|x64
		{B68F46C2-46C5-4BA6-8BCF-B908B34D653D}.Release|x86.ActiveCfg = Release|Win32
		{2AF6778B-2921-4079-B37E-4671349E8848}.Debug|x64.ActiveCfg = Debug|x64
		{2AF6778B-2921-4079-B37E-4671349E8848}.Debug|x64.Build.0 = Debug|x64
		{2AF6778B-2921-4079-B37E-4671349E8848}.Debug|x86.ActiveCfg = Debug|Win32
		{2AF6778B-2921-4079-B37E-4671349E8848}.Debug|x86.Build.0 = Debug|Win32
		{2AF6778B-2921-4079-B37E-4671349E8848}.Release|x64.ActiveCfg = Release|x64
		{2AF6778B-2921-4079-B37E-4671349E8848}.Release|x64.Build.0 = Release|x64
		{2AF6778B-2921-4079-B37E-4671349E8848}.Release|x86.ActiveCfg = Release|Win32
		{2AF6778B-2921-4079-B37E-4671349E8848}.Release|x86.Build.0 = Release|Win32
		{ECB7FFAE-36AE-4FCA-80A7-9D95CDF1FB43}.Debug|x64.ActiveCfg = Debug|x64
		{ECB7FFAE-36AE-4FCA-80A7-9D95CDF1FB43}.Debug|x64.Build.0 = Debug|x64
		{ECB7FFAE-36AE-4FCA-80A7-9D95CDF1FB43}.Debug|x86.ActiveCfg = Debug|Win32
		{ECB7FFAE-36AE-4FCA-80A7-9D95CDF1FB43}.Debug|x86.Build.0 = Debug|Win32
		{ECB7FFAE-36AE-4FCA-80A7-9D95CDF1FB43}.Release|x64.ActiveCfg = Release|x64
		{ECB7FFAE-36AE-4FCA-80A7-9D95CDF1FB43}.Release|x64.Build.0 = Release|x64
		{ECB7FFAE-36AE-4FCA-80A7-9D95CDF1FB43}.Release|x86.ActiveCfg = Release|Win32
		{ECB7FFAE-36AE-4FCA-80A7-9D95CDF1FB43}.Release|x86.Build.0 = Release|Win32
		{AF7045DC-B376-4CF0-955B-E52FCF1C1385}.Debug|x64.ActiveCfg = Debug|x64
		{AF7045DC-B376-4CF0-955B-E52FCF1C1385}.Debug|x64.Build.0 = Debug|x64
		{AF7045DC-B376-4CF0-955B-E52FCF1C1385}.Debug|x86.ActiveCfg = Debug|Win32
		{AF7045DC-B376-4CF0-955B-E52FCF1C1385}.Debug|x86.Build.0 = Debug|Win32
		{AF7045DC-B376-4CF0-955B-E52FCF1C1385}.Release|x64.ActiveCfg = Release|x64
		{AF7045DC-B376-4CF0-955B-E52FCF1C1385}.Release|x64.Build.0 = Release|x64
		{AF7045DC-B376-4CF0-955B-E52FCF1C1385}.Release|x86.ActiveCfg = Release|Win32
		{AF7045DC-B376-4CF0-955B-E52FCF1C1385}.Release|x86.Build.0 = Release|Win32
		{BCF1AEBD-DF62-42C1-8E2D-6AF355859458}.Debug|x64.ActiveCfg = Debug|x64
		{BCF1AEBD-DF62-42C1-8E2D-6AF355859458}.Debug|x64.Build.0 = Debug|x64
		{BCF1AEBD-DF62-42C1-8E2D-6AF355859458}.Debug|x86.ActiveCfg = Debug|Win32
		{BCF1AEBD-DF62-42C1-8E2D-6AF355859458}.Debug|x86.Build.0 = Debug|Win32
		{BCF1AEBD-DF62-42C1-8E2D-6AF355859458}.Release|x64.ActiveCfg = Release|x64
		{BCF1AEBD-DF62-42C1-8E2D-6AF355859458}.Release|x64.Build.0 = Release|x64
		{BCF1AEBD-DF62-42C1-8E2D-6AF355859458}.Release|x86.ActiveCfg = Release|Win32
		{BCF1AEBD-DF62-42C1-8E2D-6AF355859458}.Release|x86.Build.0 = Release|Win32
		{BCF1AEBD-DF62-42C1-8E2D-6AF355859459}.Debug|x64.ActiveCfg = Debug|x64
		{BCF1AEBD-DF62-42C1-8E2D-6AF355859459}.Debug|x64.Build.0 = Debug|x64
		{BCF1AEBD-DF62-42C1-8E2D-6AF355859459}.Debug|x86.ActiveCfg = Debug|Win32
		{BCF1AEBD-DF62-42C1-8E2D-6AF355859459}.Debug|x86.Build.0 = Debug|Win32
		{BCF1AEBD-DF62-42C1-8E2D-6AF355859459}.Release|x64.ActiveCfg = Release|x64
		{BCF1AEBD-DF62-42C1-8E2D-6AF355859459}.Release|x64.Build.0 = Release|x64
		{BCF1AEBD-DF62-42C1-8E2D-6AF355859459}.Release|x86.ActiveCfg = Release|Win32
		{BCF1AEBD-DF62-42C1-8E2D-6AF355859459}.Release|x86.Build.0 = Release|Win32
		{77531926-BF7E-4B3B-B248-5299514C77BB}.Debug|x64.ActiveCfg = Debug|x64
		{77531926-BF7E-4B3B-B248-5299514C77BB}.Debug|x64.Build.0 = Debug|x64
		{77531926-BF7E-4B3B-B248-5299514C77BB}.Debug|x86.ActiveCfg = Debug|Win32
		{77531926-BF7E-4B3B-B248-5299514C77BB}.Debug|x86.Build.0 = Debug|Win32
		{77531926-BF7E-4B3B-B248-5299514C77BB}.Release|x64.ActiveCfg = Release|x64
		{77531926-BF7E-4B3B-B248-5299514C77BB}.Release|x64.Build.0 = Release|x64
		{77531926-BF7E-4B3B-B248-5299514C77BB}.Release|x86.ActiveCfg = Release|Win32
		{77531926-BF7E-4B3B-B248-5299514C77BB}.Release|x86.Build.0 = Release|Win32
		{9C6FEF6E-8BA4-47C4-B420-3C4F8BD008C5}.Debug|x64.ActiveCfg = Debug|x64
		{9C6FEF6E-8BA4-47C4-B420-3C4F8BD008C5}.Debug|x64.Build.0 = Debug|x64
		{9C6FEF6E-8BA4-47C4-B420-3C4F8BD008C5}.Debug|x86.ActiveCfg = Debug|Win32
		{9C6FEF6E-8BA4-47C4-B420-3C4F8BD008C5}.Debug|x86.Build.0 = Debug|Win32
		{9C6FEF6E-8BA4-47C4-B420-3C4F8BD008C5}.Release|x64.ActiveCfg = Release|x64
		{9C6FEF6E-8BA4-47C4-B420-3C4F8BD008C5}.Release|x64.Build.0 = Release|x64
		{9C6FEF6E-8BA4-47C4-B420-3C4F8BD008C5}.Release|x86.ActiveCfg = Release|Win32
		{9C6FEF6E-8BA4-47C4-B420-3C4F8BD008C5}.Release|x86.Build.0 = Release|Win32
		{5540756E-9246-4B5B-8B62-0CEF11BD2BA6}.Debug|x64.ActiveCfg = Debug|x64
		{5540756E-9246-4B5B-8B62-0CEF11BD2BA6}.Debug|x64.Build.0 = Debug|x64
		{5540756E-9246-4B5B-8B62-0CEF11BD2BA6}.Debug|x86.ActiveCfg = Debug|Win32
		{5540756E-9246-4B5B-8B62-0CEF11BD2BA6}.Debug|x86.Build.0 = Debug|Win32
		{5540756E-9246-4B5B-8B62-0CEF11BD2BA6}.Release|x64.ActiveCfg = Release|x64
		{5540756E-9246-4B5B-8B62-0CEF11BD2BA6}.Release|x64.Build.0 = Release|x64
		{5540756E-9246-4B5B-8B62-0CEF11BD2BA6}.Release|x86.ActiveCfg = Release|Win32
		{5540756E-9246-4B5B-8B62-0CEF11BD2BA6}.Release|x86.Build.0 = Release|Win32
	EndGlobalSection
	GlobalSection(SolutionProperties) = preSolution
		HideSolutionNode = FALSE
	EndGlobalSection
	GlobalSection(NestedProjects) = preSolution
		{2AF6778B-2921-4079-B37E-4671349E8848} = {CD512C56-1CA9-4AE6-9D16-70734362B31E}
		{BCF1AEBD-DF62-42C1-8E2D-6AF355859458} = {CD512C56-1CA9-4AE6-9D16-70734362B31E}
		{BCF1AEBD-DF62-42C1-8E2D-6AF355859459} = {CD512C56-1CA9-4AE6-9D16-70734362B31E}
		{9C6FEF6E-8BA4-47C4-B420-3C4F8BD008C5} = {CD512C56-1CA9-4AE6-9D16-70734362B31E}
	EndGlobalSection
	GlobalSection(ExtensibilityGlobals) = postSolution
		SolutionGuid = {8B43B316-5720-4A2E-8342-BD7E18640EB3}
	EndGlobalSection
EndGlobal
