<?xml version="1.0" encoding="utf-8"?>
<Project ToolsVersion="4.0" xmlns="http://schemas.microsoft.com/developer/msbuild/2003">
  <ItemGroup>
    <Filter Include="Source Files">
      <UniqueIdentifier>{4FC737F1-C7A5-4376-A066-2A32D752A2FF}</UniqueIdentifier>
      <Extensions>cpp;c;cc;cxx;def;odl;idl;hpj;bat;asm;asmx</Extensions>
    </Filter>
    <Filter Include="Header Files">
      <UniqueIdentifier>{93995380-89BD-4b04-88EB-625FBE52EBFB}</UniqueIdentifier>
      <Extensions>h;hh;hpp;hxx;hm;inl;inc;ipp;xsd</Extensions>
    </Filter>
    <Filter Include="Resource Files">
      <UniqueIdentifier>{67DA6AB6-F800-4c08-8B7A-83BB121AAD01}</UniqueIdentifier>
      <Extensions>rc;ico;cur;bmp;dlg;rc2;rct;bin;rgs;gif;jpg;jpeg;jpe;resx;tiff;tif;png;wav;mfcribbon-ms</Extensions>
    </Filter>
    <Filter Include="Header Files\Graphic">
      <UniqueIdentifier>{7d49e30b-9612-4662-b564-080c02d4c566}</UniqueIdentifier>
    </Filter>
    <Filter Include="Header Files\Input">
      <UniqueIdentifier>{9d37aa0c-7797-4a61-bb3c-5c460b9940dc}</UniqueIdentifier>
    </Filter>
    <Filter Include="Source Files\Graphic">
      <UniqueIdentifier>{caf574d8-b27f-44d2-9175-ad2efffbf117}</UniqueIdentifier>
    </Filter>
    <Filter Include="Source Files\Input">
      <UniqueIdentifier>{24249ca5-ecc0-4182-945a-6a33feb07092}</UniqueIdentifier>
    </Filter>
    <Filter Include="Header Files\Utility">
      <UniqueIdentifier>{c83005d8-7248-4068-9193-e03b4873272d}</UniqueIdentifier>
    </Filter>
    <Filter Include="Source Files\Utility">
      <UniqueIdentifier>{cc89c396-db1c-447e-b46a-148b3f7a3ce0}</UniqueIdentifier>
    </Filter>
    <Filter Include="Header Files\Logger">
      <UniqueIdentifier>{40e305df-5db8-4bd3-a934-bb72b69893f2}</UniqueIdentifier>
    </Filter>
    <Filter Include="Source Files\Logger">
      <UniqueIdentifier>{7eefa37e-ea08-40be-8eab-43559127bbe6}</UniqueIdentifier>
    </Filter>
    <Filter Include="Header Files\GameObjects">
      <UniqueIdentifier>{8ba49015-9475-4a60-a744-22dc542e4366}</UniqueIdentifier>
    </Filter>
    <Filter Include="Source Files\GameObjects">
      <UniqueIdentifier>{d72bf75d-14fb-4e73-9ddf-01ed7d12d647}</UniqueIdentifier>
    </Filter>
  </ItemGroup>
  <ItemGroup>
    <ClCompile Include="Source.cpp">
      <Filter>Source Files</Filter>
    </ClCompile>
    <ClCompile Include="RenderWindow.cpp">
      <Filter>Source Files</Filter>
    </ClCompile>
    <ClCompile Include="WindowContainer.cpp">
      <Filter>Source Files</Filter>
    </ClCompile>
    <ClCompile Include="Engine.cpp">
      <Filter>Source Files</Filter>
    </ClCompile>
    <ClCompile Include="Keyboard\KeyboardEvent.cpp">
      <Filter>Source Files\Input</Filter>
    </ClCompile>
    <ClCompile Include="Mouse\MouseEvent.cpp">
      <Filter>Source Files\Input</Filter>
    </ClCompile>
    <ClCompile Include="Keyboard\KeyboardInput.cpp">
      <Filter>Source Files\Input</Filter>
    </ClCompile>
    <ClCompile Include="Mouse\MouseInput.cpp">
      <Filter>Source Files\Input</Filter>
    </ClCompile>
    <ClCompile Include="Timer.cpp">
      <Filter>Source Files\Utility</Filter>
    </ClCompile>
    <ClCompile Include="StringConverter.cpp">
      <Filter>Source Files\Utility</Filter>
    </ClCompile>
    <ClCompile Include="ErrorLogger.cpp">
      <Filter>Source Files\Logger</Filter>
    </ClCompile>
    <ClCompile Include="DXGraphics.cpp">
      <Filter>Source Files\Graphic</Filter>
    </ClCompile>
    <ClCompile Include="DXAdapterReader.cpp">
      <Filter>Source Files\Graphic</Filter>
    </ClCompile>
    <ClCompile Include="Component.cpp">
      <Filter>Source Files\GameObjects</Filter>
    </ClCompile>
    <ClCompile Include="GameObject.cpp">
      <Filter>Source Files\GameObjects</Filter>
    </ClCompile>
    <ClCompile Include="Transform.cpp">
      <Filter>Source Files\GameObjects</Filter>
    </ClCompile>
    <ClCompile Include="Camera.cpp">
      <Filter>Source Files\GameObjects</Filter>
    </ClCompile>
  </ItemGroup>
  <ItemGroup>
    <ClInclude Include="RenderWindow.h">
      <Filter>Header Files</Filter>
    </ClInclude>
    <ClInclude Include="WindowContainer.h">
      <Filter>Header Files</Filter>
    </ClInclude>
    <ClInclude Include="Engine.h">
      <Filter>Header Files</Filter>
    </ClInclude>
    <ClInclude Include="Keyboard\KeyboardEvent.h">
      <Filter>Header Files\Input</Filter>
    </ClInclude>
    <ClInclude Include="Mouse\MouseEvent.h">
      <Filter>Header Files\Input</Filter>
    </ClInclude>
    <ClInclude Include="Keyboard\KeyboardInput.h">
      <Filter>Header Files\Input</Filter>
    </ClInclude>
    <ClInclude Include="Mouse\MouseInput.h">
      <Filter>Header Files\Input</Filter>
    </ClInclude>
    <ClInclude Include="COMException.h">
      <Filter>Header Files\Utility</Filter>
    </ClInclude>
    <ClInclude Include="StringConverter.h">
      <Filter>Header Files\Utility</Filter>
    </ClInclude>
    <ClInclude Include="Timer.h">
      <Filter>Header Files\Utility</Filter>
    </ClInclude>
    <ClInclude Include="ErrorLogger.h">
      <Filter>Header Files\Logger</Filter>
    </ClInclude>
    <ClInclude Include="d3dx12.h">
      <Filter>Header Files</Filter>
    </ClInclude>
    <ClInclude Include="DXGraphics.h">
      <Filter>Header Files\Graphic</Filter>
    </ClInclude>
    <ClInclude Include="DXAdapterReader.h">
      <Filter>Header Files\Graphic</Filter>
    </ClInclude>
    <ClInclude Include="Component.h">
      <Filter>Header Files\GameObjects</Filter>
    </ClInclude>
    <ClInclude Include="GameObject.h">
      <Filter>Header Files\GameObjects</Filter>
    </ClInclude>
    <ClInclude Include="Transform.h">
      <Filter>Header Files\GameObjects</Filter>
    </ClInclude>
    <ClInclude Include="Camera.h">
      <Filter>Header Files\GameObjects</Filter>
    </ClInclude>
  </ItemGroup>
  <ItemGroup>
    <None Include="packages.config" />
  </ItemGroup>
</Project>