<?xml version="1.0" encoding="utf-8"?>
<Project ToolsVersion="4.0" xmlns="http://schemas.microsoft.com/developer/msbuild/2003">
  <ItemGroup>
    <ClCompile Include="..\Submodule\imgui\backends\imgui_impl_dx12.cpp" />
    <ClCompile Include="..\Submodule\imgui\backends\imgui_impl_win32.cpp" />
    <ClCompile Include="..\Submodule\imgui\imgui.cpp" />
    <ClCompile Include="..\Submodule\imgui\imgui_demo.cpp" />
    <ClCompile Include="..\Submodule\imgui\imgui_draw.cpp" />
    <ClCompile Include="..\Submodule\imgui\imgui_tables.cpp" />
    <ClCompile Include="..\Submodule\imgui\imgui_widgets.cpp" />
    <ClCompile Include="FrameResource.cpp" />
    <ClCompile Include="HybridAtmosphereApp.cpp" />
    <ClCompile Include="SharedHBAO.cpp" />
    <ClCompile Include="SharedSSAO.cpp" />
    <ClCompile Include="Source.cpp" />
    <ClCompile Include="UILayer.cpp" />
    <ClCompile Include="CustomShaderLoader\GShaderCustomInclude.cpp">
      <Filter>CustomShaderLoader</Filter>
    </ClCompile>
    <ClCompile Include="SkyAtmosphere\SkyAtmosphere.cpp">
      <Filter>SkyAtmosphere</Filter>
    </ClCompile>
    <ClCompile Include="SkyAtmosphere\SkyAtmosphereRenderer.cpp">
      <Filter>SkyAtmosphere</Filter>
    </ClCompile>
  </ItemGroup>
  <ItemGroup>
    <ClInclude Include="..\Submodule\imgui\backends\imgui_impl_dx12.h" />
    <ClInclude Include="..\Submodule\imgui\backends\imgui_impl_win32.h" />
    <ClInclude Include="..\Submodule\imgui\imconfig.h" />
    <ClInclude Include="..\Submodule\imgui\imgui.h" />
    <ClInclude Include="..\Submodule\imgui\imgui_internal.h" />
    <ClInclude Include="..\Submodule\imgui\imstb_rectpack.h" />
    <ClInclude Include="..\Submodule\imgui\imstb_textedit.h" />
    <ClInclude Include="..\Submodule\imgui\imstb_truetype.h" />
    <ClInclude Include="FrameResource.h" />
    <ClInclude Include="HybridAtmosphereApp.h" />
    <ClInclude Include="SharedHBAO.h" />
    <ClInclude Include="SharedSSAO.h" />
    <ClInclude Include="UILayer.h" />
    <ClInclude Include="CustomShaderLoader\GShaderCustomInclude.h">
      <Filter>CustomShaderLoader</Filter>
    </ClInclude>
    <ClInclude Include="CustomShaderLoader\CustomShaderUtils.h">
      <Filter>CustomShaderLoader</Filter>
    </ClInclude>
    <ClInclude Include="CustomShaderLoader\CustomInclude.h">
      <Filter>CustomShaderLoader</Filter>
    </ClInclude>
    <ClInclude Include="SkyAtmosphere\SkyAtmosphere.h">
      <Filter>SkyAtmosphere</Filter>
    </ClInclude>
    <ClInclude Include="SkyAtmosphere\SkyAtmosphereRenderer.h">
      <Filter>SkyAtmosphere</Filter>
    </ClInclude>
    <ClInclude Include="SkyAtmosphere\SkyAtmosphereBuffersData.h">
      <Filter>SkyAtmosphere</Filter>
    </ClInclude>
  </ItemGroup>
  <ItemGroup>
    <None Include="packages.config" />
    <None Include="Shaders\Terrain\Terrain.hlsl">
      <Filter>Shaders\Terrain</Filter>
    </None>
    <None Include="Shaders\SkyAtmosphere\AtmosphereCommon.hlsl">
      <Filter>Shaders\SkyAtmosphere</Filter>
    </None>
    <None Include="Shaders\SkyAtmosphere\ComputeSkyCommon.hlsl">
      <Filter>Shaders\SkyAtmosphere</Filter>
    </None>
    <None Include="Shaders\SkyAtmosphere\SkyAtmosphereCommon.hlsl">
      <Filter>Shaders\SkyAtmosphere</Filter>
    </None>
    <None Include="Shaders\SkyAtmosphere\Bruneton\Bruneton.hlsl">
      <Filter>Shaders\SkyAtmosphere\Bruneton</Filter>
    </None>
    <None Include="Shaders\SkyAtmosphere\Bruneton\BrunetonDefinitions.hlsl">
      <Filter>Shaders\SkyAtmosphere\Bruneton</Filter>
    </None>
    <None Include="Shaders\SkyAtmosphere\Bruneton\BrunetonFunctions.hlsl">
      <Filter>Shaders\SkyAtmosphere\Bruneton</Filter>
    </None>
    <None Include="Shaders\SkyAtmosphere\Bruneton\BrunetonTransmittanceLut.hlsl">
      <Filter>Shaders\SkyAtmosphere\Bruneton</Filter>
    </None>
    <None Include="Shaders\SkyAtmosphere\ComputeSkyRayMarching.hlsl">
      <Filter>Shaders\SkyAtmosphere</Filter>
    </None>
    <None Include="Shaders\SkyAtmosphere\PostProcess.hlsl">
      <Filter>Shaders\SkyAtmosphere</Filter>
    </None>
    <None Include="Shaders\Common.hlsl">
      <Filter>Shaders</Filter>
    </None>
  </ItemGroup>
  <ItemGroup>
    <Filter Include="Shaders">
      <UniqueIdentifier>{6fd38eaf-8486-412b-a935-5e8dfce44050}</UniqueIdentifier>
    </Filter>
    <Filter Include="Shaders\Terrain">
      <UniqueIdentifier>{14d8c33c-e186-4d83-a1f2-39feb1be26f8}</UniqueIdentifier>
    </Filter>
    <Filter Include="CustomShaderLoader">
      <UniqueIdentifier>{ea18d141-cc54-4078-96f7-47b3b29bf9ff}</UniqueIdentifier>
    </Filter>
    <Filter Include="SkyAtmosphere">
      <UniqueIdentifier>{5e935338-b18c-4467-9721-d7867ad41358}</UniqueIdentifier>
    </Filter>
    <Filter Include="Shaders\SkyAtmosphere">
      <UniqueIdentifier>{186997c7-a2f1-49d1-abb3-2a8484d035e6}</UniqueIdentifier>
    </Filter>
    <Filter Include="Shaders\SkyAtmosphere\Bruneton">
      <UniqueIdentifier>{29321e02-8ce9-49c5-852d-bcadf590de71}</UniqueIdentifier>
    </Filter>
  </ItemGroup>
</Project>